// !$*UTF8*$!
{
	archiveVersion = 1;
	classes = {
	};
	objectVersion = 46;
	objects = {

/* Begin PBXBuildFile section */
		0A3695051B82802C004D46FD /* main.m in Sources */ = {isa = PBXBuildFile; fileRef = 0A3695041B82802C004D46FD /* main.m */; };
		0A3695081B82802C004D46FD /* AppDelegate.m in Sources */ = {isa = PBXBuildFile; fileRef = 0A3695071B82802C004D46FD /* AppDelegate.m */; };
		0A36950B1B82802C004D46FD /* ViewController.m in Sources */ = {isa = PBXBuildFile; fileRef = 0A36950A1B82802C004D46FD /* ViewController.m */; };
		0A36950E1B82802C004D46FD /* Main.storyboard in Resources */ = {isa = PBXBuildFile; fileRef = 0A36950C1B82802C004D46FD /* Main.storyboard */; };
		0A3695101B82802C004D46FD /* Images.xcassets in Resources */ = {isa = PBXBuildFile; fileRef = 0A36950F1B82802C004D46FD /* Images.xcassets */; };
		0A3695131B82802C004D46FD /* LaunchScreen.xib in Resources */ = {isa = PBXBuildFile; fileRef = 0A3695111B82802C004D46FD /* LaunchScreen.xib */; };
		0A36951F1B82802C004D46FD /* KCNLocationManagerTests.m in Sources */ = {isa = PBXBuildFile; fileRef = 0A36951E1B82802C004D46FD /* KCNLocationManagerTests.m */; };
		0A36952B1B82806D004D46FD /* KCNLocationManager.m in Sources */ = {isa = PBXBuildFile; fileRef = 0A36952A1B82806D004D46FD /* KCNLocationManager.m */; };
/* End PBXBuildFile section */

/* Begin PBXContainerItemProxy section */
		0A3695191B82802C004D46FD /* PBXContainerItemProxy */ = {
			isa = PBXContainerItemProxy;
			containerPortal = 0A3694F71B82802C004D46FD /* Project object */;
			proxyType = 1;
			remoteGlobalIDString = 0A3694FE1B82802C004D46FD;
			remoteInfo = KCNLocationManager;
		};
/* End PBXContainerItemProxy section */

/* Begin PBXFileReference section */
		0A3694FF1B82802C004D46FD /* KCNLocationManager.app */ = {isa = PBXFileReference; explicitFileType = wrapper.application; includeInIndex = 0; path = KCNLocationManager.app; sourceTree = BUILT_PRODUCTS_DIR; };
		0A3695031B82802C004D46FD /* Info.plist */ = {isa = PBXFileReference; lastKnownFileType = text.plist.xml; path = Info.plist; sourceTree = "<group>"; };
		0A3695041B82802C004D46FD /* main.m */ = {isa = PBXFileReference; lastKnownFileType = sourcecode.c.objc; path = main.m; sourceTree = "<group>"; };
		0A3695061B82802C004D46FD /* AppDelegate.h */ = {isa = PBXFileReference; lastKnownFileType = sourcecode.c.h; path = AppDelegate.h; sourceTree = "<group>"; };
		0A3695071B82802C004D46FD /* AppDelegate.m */ = {isa = PBXFileReference; lastKnownFileType = sourcecode.c.objc; path = AppDelegate.m; sourceTree = "<group>"; };
		0A3695091B82802C004D46FD /* ViewController.h */ = {isa = PBXFileReference; lastKnownFileType = sourcecode.c.h; path = ViewController.h; sourceTree = "<group>"; };
		0A36950A1B82802C004D46FD /* ViewController.m */ = {isa = PBXFileReference; lastKnownFileType = sourcecode.c.objc; path = ViewController.m; sourceTree = "<group>"; };
		0A36950D1B82802C004D46FD /* Base */ = {isa = PBXFileReference; lastKnownFileType = file.storyboard; name = Base; path = Base.lproj/Main.storyboard; sourceTree = "<group>"; };
		0A36950F1B82802C004D46FD /* Images.xcassets */ = {isa = PBXFileReference; lastKnownFileType = folder.assetcatalog; path = Images.xcassets; sourceTree = "<group>"; };
		0A3695121B82802C004D46FD /* Base */ = {isa = PBXFileReference; lastKnownFileType = file.xib; name = Base; path = Base.lproj/LaunchScreen.xib; sourceTree = "<group>"; };
		0A3695181B82802C004D46FD /* KCNLocationManagerTests.xctest */ = {isa = PBXFileReference; explicitFileType = wrapper.cfbundle; includeInIndex = 0; path = KCNLocationManagerTests.xctest; sourceTree = BUILT_PRODUCTS_DIR; };
		0A36951D1B82802C004D46FD /* Info.plist */ = {isa = PBXFileReference; lastKnownFileType = text.plist.xml; path = Info.plist; sourceTree = "<group>"; };
		0A36951E1B82802C004D46FD /* KCNLocationManagerTests.m */ = {isa = PBXFileReference; lastKnownFileType = sourcecode.c.objc; path = KCNLocationManagerTests.m; sourceTree = "<group>"; };
		0A3695291B82806D004D46FD /* KCNLocationManager.h */ = {isa = PBXFileReference; fileEncoding = 4; lastKnownFileType = sourcecode.c.h; path = KCNLocationManager.h; sourceTree = "<group>"; };
		0A36952A1B82806D004D46FD /* KCNLocationManager.m */ = {isa = PBXFileReference; fileEncoding = 4; lastKnownFileType = sourcecode.c.objc; path = KCNLocationManager.m; sourceTree = "<group>"; };
/* End PBXFileReference section */

/* Begin PBXFrameworksBuildPhase section */
		0A3694FC1B82802C004D46FD /* Frameworks */ = {
			isa = PBXFrameworksBuildPhase;
			buildActionMask = 2147483647;
			files = (
			);
			runOnlyForDeploymentPostprocessing = 0;
		};
		0A3695151B82802C004D46FD /* Frameworks */ = {
			isa = PBXFrameworksBuildPhase;
			buildActionMask = 2147483647;
			files = (
			);
			runOnlyForDeploymentPostprocessing = 0;
		};
/* End PBXFrameworksBuildPhase section */

/* Begin PBXGroup section */
		0A3694F61B82802C004D46FD = {
			isa = PBXGroup;
			children = (
				0A3695281B82804F004D46FD /* Classes */,
				0A3695011B82802C004D46FD /* KCNLocationManager */,
				0A36951B1B82802C004D46FD /* KCNLocationManagerTests */,
				0A3695001B82802C004D46FD /* Products */,
			);
			sourceTree = "<group>";
		};
		0A3695001B82802C004D46FD /* Products */ = {
			isa = PBXGroup;
			children = (
				0A3694FF1B82802C004D46FD /* KCNLocationManager.app */,
				0A3695181B82802C004D46FD /* KCNLocationManagerTests.xctest */,
			);
			name = Products;
			sourceTree = "<group>";
		};
		0A3695011B82802C004D46FD /* KCNLocationManager */ = {
			isa = PBXGroup;
			children = (
				0A3695061B82802C004D46FD /* AppDelegate.h */,
				0A3695071B82802C004D46FD /* AppDelegate.m */,
				0A3695091B82802C004D46FD /* ViewController.h */,
				0A36950A1B82802C004D46FD /* ViewController.m */,
				0A36950C1B82802C004D46FD /* Main.storyboard */,
				0A36950F1B82802C004D46FD /* Images.xcassets */,
				0A3695111B82802C004D46FD /* LaunchScreen.xib */,
				0A3695021B82802C004D46FD /* Supporting Files */,
			);
			path = KCNLocationManager;
			sourceTree = "<group>";
		};
		0A3695021B82802C004D46FD /* Supporting Files */ = {
			isa = PBXGroup;
			children = (
				0A3695031B82802C004D46FD /* Info.plist */,
				0A3695041B82802C004D46FD /* main.m */,
			);
			name = "Supporting Files";
			sourceTree = "<group>";
		};
		0A36951B1B82802C004D46FD /* KCNLocationManagerTests */ = {
			isa = PBXGroup;
			children = (
				0A36951E1B82802C004D46FD /* KCNLocationManagerTests.m */,
				0A36951C1B82802C004D46FD /* Supporting Files */,
			);
			path = KCNLocationManagerTests;
			sourceTree = "<group>";
		};
		0A36951C1B82802C004D46FD /* Supporting Files */ = {
			isa = PBXGroup;
			children = (
				0A36951D1B82802C004D46FD /* Info.plist */,
			);
			name = "Supporting Files";
			sourceTree = "<group>";
		};
		0A3695281B82804F004D46FD /* Classes */ = {
			isa = PBXGroup;
			children = (
				0A3695291B82806D004D46FD /* KCNLocationManager.h */,
				0A36952A1B82806D004D46FD /* KCNLocationManager.m */,
			);
			path = Classes;
			sourceTree = "<group>";
		};
/* End PBXGroup section */

/* Begin PBXNativeTarget section */
		0A3694FE1B82802C004D46FD /* KCNLocationManager */ = {
			isa = PBXNativeTarget;
			buildConfigurationList = 0A3695221B82802C004D46FD /* Build configuration list for PBXNativeTarget "KCNLocationManager" */;
			buildPhases = (
				0A3694FB1B82802C004D46FD /* Sources */,
				0A3694FC1B82802C004D46FD /* Frameworks */,
				0A3694FD1B82802C004D46FD /* Resources */,
			);
			buildRules = (
			);
			dependencies = (
			);
			name = KCNLocationManager;
			productName = KCNLocationManager;
			productReference = 0A3694FF1B82802C004D46FD /* KCNLocationManager.app */;
			productType = "com.apple.product-type.application";
		};
		0A3695171B82802C004D46FD /* KCNLocationManagerTests */ = {
			isa = PBXNativeTarget;
			buildConfigurationList = 0A3695251B82802C004D46FD /* Build configuration list for PBXNativeTarget "KCNLocationManagerTests" */;
			buildPhases = (
				0A3695141B82802C004D46FD /* Sources */,
				0A3695151B82802C004D46FD /* Frameworks */,
				0A3695161B82802C004D46FD /* Resources */,
			);
			buildRules = (
			);
			dependencies = (
				0A36951A1B82802C004D46FD /* PBXTargetDependency */,
			);
			name = KCNLocationManagerTests;
			productName = KCNLocationManagerTests;
			productReference = 0A3695181B82802C004D46FD /* KCNLocationManagerTests.xctest */;
			productType = "com.apple.product-type.bundle.unit-test";
		};
/* End PBXNativeTarget section */

/* Begin PBXProject section */
		0A3694F71B82802C004D46FD /* Project object */ = {
			isa = PBXProject;
			attributes = {
				LastUpgradeCheck = 0640;
				ORGANIZATIONNAME = kevinnguy;
				TargetAttributes = {
					0A3694FE1B82802C004D46FD = {
						CreatedOnToolsVersion = 6.4;
						SystemCapabilities = {
							com.apple.BackgroundModes = {
								enabled = 1;
							};
						};
					};
					0A3695171B82802C004D46FD = {
						CreatedOnToolsVersion = 6.4;
						TestTargetID = 0A3694FE1B82802C004D46FD;
					};
				};
			};
			buildConfigurationList = 0A3694FA1B82802C004D46FD /* Build configuration list for PBXProject "KCNLocationManager" */;
			compatibilityVersion = "Xcode 3.2";
			developmentRegion = English;
			hasScannedForEncodings = 0;
			knownRegions = (
				en,
				Base,
			);
			mainGroup = 0A3694F61B82802C004D46FD;
			productRefGroup = 0A3695001B82802C004D46FD /* Products */;
			projectDirPath = "";
			projectRoot = "";
			targets = (
				0A3694FE1B82802C004D46FD /* KCNLocationManager */,
				0A3695171B82802C004D46FD /* KCNLocationManagerTests */,
			);
		};
/* End PBXProject section */

/* Begin PBXResourcesBuildPhase section */
		0A3694FD1B82802C004D46FD /* Resources */ = {
			isa = PBXResourcesBuildPhase;
			buildActionMask = 2147483647;
			files = (
				0A36950E1B82802C004D46FD /* Main.storyboard in Resources */,
				0A3695131B82802C004D46FD /* LaunchScreen.xib in Resources */,
				0A3695101B82802C004D46FD /* Images.xcassets in Resources */,
			);
			runOnlyForDeploymentPostprocessing = 0;
		};
		0A3695161B82802C004D46FD /* Resources */ = {
			isa = PBXResourcesBuildPhase;
			buildActionMask = 2147483647;
			files = (
			);
			runOnlyForDeploymentPostprocessing = 0;
		};
/* End PBXResourcesBuildPhase section */

/* Begin PBXSourcesBuildPhase section */
		0A3694FB1B82802C004D46FD /* Sources */ = {
			isa = PBXSourcesBuildPhase;
			buildActionMask = 2147483647;
			files = (
				0A36950B1B82802C004D46FD /* ViewController.m in Sources */,
				0A3695081B82802C004D46FD /* AppDelegate.m in Sources */,
				0A3695051B82802C004D46FD /* main.m in Sources */,
				0A36952B1B82806D004D46FD /* KCNLocationManager.m in Sources */,
			);
			runOnlyForDeploymentPostprocessing = 0;
		};
		0A3695141B82802C004D46FD /* Sources */ = {
			isa = PBXSourcesBuildPhase;
			buildActionMask = 2147483647;
			files = (
				0A36951F1B82802C004D46FD /* KCNLocationManagerTests.m in Sources */,
			);
			runOnlyForDeploymentPostprocessing = 0;
		};
/* End PBXSourcesBuildPhase section */

/* Begin PBXTargetDependency section */
		0A36951A1B82802C004D46FD /* PBXTargetDependency */ = {
			isa = PBXTargetDependency;
			target = 0A3694FE1B82802C004D46FD /* KCNLocationManager */;
			targetProxy = 0A3695191B82802C004D46FD /* PBXContainerItemProxy */;
		};
/* End PBXTargetDependency section */

/* Begin PBXVariantGroup section */
		0A36950C1B82802C004D46FD /* Main.storyboard */ = {
			isa = PBXVariantGroup;
			children = (
				0A36950D1B82802C004D46FD /* Base */,
			);
			name = Main.storyboard;
			sourceTree = "<group>";
		};
		0A3695111B82802C004D46FD /* LaunchScreen.xib */ = {
			isa = PBXVariantGroup;
			children = (
				0A3695121B82802C004D46FD /* Base */,
			);
			name = LaunchScreen.xib;
			sourceTree = "<group>";
		};
/* End PBXVariantGroup section */

/* Begin XCBuildConfiguration section */
		0A3695201B82802C004D46FD /* Debug */ = {
			isa = XCBuildConfiguration;
			buildSettings = {
				ALWAYS_SEARCH_USER_PATHS = NO;
				CLANG_CXX_LANGUAGE_STANDARD = "gnu++0x";
				CLANG_CXX_LIBRARY = "libc++";
				CLANG_ENABLE_MODULES = YES;
				CLANG_ENABLE_OBJC_ARC = YES;
				CLANG_WARN_BOOL_CONVERSION = YES;
				CLANG_WARN_CONSTANT_CONVERSION = YES;
				CLANG_WARN_DIRECT_OBJC_ISA_USAGE = YES_ERROR;
				CLANG_WARN_EMPTY_BODY = YES;
				CLANG_WARN_ENUM_CONVERSION = YES;
				CLANG_WARN_INT_CONVERSION = YES;
				CLANG_WARN_OBJC_ROOT_CLASS = YES_ERROR;
				CLANG_WARN_UNREACHABLE_CODE = YES;
				CLANG_WARN__DUPLICATE_METHOD_MATCH = YES;
				"CODE_SIGN_IDENTITY[sdk=iphoneos*]" = "iPhone Developer";
				COPY_PHASE_STRIP = NO;
				DEBUG_INFORMATION_FORMAT = "dwarf-with-dsym";
				ENABLE_STRICT_OBJC_MSGSEND = YES;
				GCC_C_LANGUAGE_STANDARD = gnu99;
				GCC_DYNAMIC_NO_PIC = NO;
				GCC_NO_COMMON_BLOCKS = YES;
				GCC_OPTIMIZATION_LEVEL = 0;
				GCC_PREPROCESSOR_DEFINITIONS = (
					"DEBUG=1",
					"$(inherited)",
				);
				GCC_SYMBOLS_PRIVATE_EXTERN = NO;
				GCC_WARN_64_TO_32_BIT_CONVERSION = YES;
				GCC_WARN_ABOUT_RETURN_TYPE = YES_ERROR;
				GCC_WARN_UNDECLARED_SELECTOR = YES;
				GCC_WARN_UNINITIALIZED_AUTOS = YES_AGGRESSIVE;
				GCC_WARN_UNUSED_FUNCTION = YES;
				GCC_WARN_UNUSED_VARIABLE = YES;
				IPHONEOS_DEPLOYMENT_TARGET = 8.4;
				MTL_ENABLE_DEBUG_INFO = YES;
				ONLY_ACTIVE_ARCH = YES;
				SDKROOT = iphoneos;
				TARGETED_DEVICE_FAMILY = "1,2";
			};
			name = Debug;
		};
		0A3695211B82802C004D46FD /* Release */ = {
			isa = XCBuildConfiguration;
			buildSettings = {
				ALWAYS_SEARCH_USER_PATHS = NO;
				CLANG_CXX_LANGUAGE_STANDARD = "gnu++0x";
				CLANG_CXX_LIBRARY = "libc++";
				CLANG_ENABLE_MODULES = YES;
				CLANG_ENABLE_OBJC_ARC = YES;
				CLANG_WARN_BOOL_CONVERSION = YES;
				CLANG_WARN_CONSTANT_CONVERSION = YES;
				CLANG_WARN_DIRECT_OBJC_ISA_USAGE = YES_ERROR;
				CLANG_WARN_EMPTY_BODY = YES;
				CLANG_WARN_ENUM_CONVERSION = YES;
				CLANG_WARN_INT_CONVERSION = YES;
				CLANG_WARN_OBJC_ROOT_CLASS = YES_ERROR;
				CLANG_WARN_UNREACHABLE_CODE = YES;
				CLANG_WARN__DUPLICATE_METHOD_MATCH = YES;
				"CODE_SIGN_IDENTITY[sdk=iphoneos*]" = "iPhone Developer";
				COPY_PHASE_STRIP = NO;
				DEBUG_INFORMATION_FORMAT = "dwarf-with-dsym";
				ENABLE_NS_ASSERTIONS = NO;
				ENABLE_STRICT_OBJC_MSGSEND = YES;
				GCC_C_LANGUAGE_STANDARD = gnu99;
				GCC_NO_COMMON_BLOCKS = YES;
				GCC_WARN_64_TO_32_BIT_CONVERSION = YES;
				GCC_WARN_ABOUT_RETURN_TYPE = YES_ERROR;
				GCC_WARN_UNDECLARED_SELECTOR = YES;
				GCC_WARN_UNINITIALIZED_AUTOS = YES_AGGRESSIVE;
				GCC_WARN_UNUSED_FUNCTION = YES;
				GCC_WARN_UNUSED_VARIABLE = YES;
				IPHONEOS_DEPLOYMENT_TARGET = 8.4;
				MTL_ENABLE_DEBUG_INFO = NO;
				SDKROOT = iphoneos;
				TARGETED_DEVICE_FAMILY = "1,2";
				VALIDATE_PRODUCT = YES;
			};
			name = Release;
		};
		0A3695231B82802C004D46FD /* Debug */ = {
			isa = XCBuildConfiguration;
			buildSettings = {
				ASSETCATALOG_COMPILER_APPICON_NAME = AppIcon;
				INFOPLIST_FILE = KCNLocationManager/Info.plist;
				LD_RUNPATH_SEARCH_PATHS = "$(inherited) @executable_path/Frameworks";
				PRODUCT_NAME = "$(TARGET_NAME)";
			};
			name = Debug;
		};
		0A3695241B82802C004D46FD /* Release */ = {
			isa = XCBuildConfiguration;
			buildSettings = {
				ASSETCATALOG_COMPILER_APPICON_NAME = AppIcon;
				INFOPLIST_FILE = KCNLocationManager/Info.plist;
				LD_RUNPATH_SEARCH_PATHS = "$(inherited) @executable_path/Frameworks";
				PRODUCT_NAME = "$(TARGET_NAME)";
			};
			name = Release;
		};
		0A3695261B82802C004D46FD /* Debug */ = {
			isa = XCBuildConfiguration;
			buildSettings = {
				BUNDLE_LOADER = "$(TEST_HOST)";
				FRAMEWORK_SEARCH_PATHS = (
					"$(SDKROOT)/Developer/Library/Frameworks",
					"$(inherited)",
				);
				GCC_PREPROCESSOR_DEFINITIONS = (
					"DEBUG=1",
					"$(inherited)",
				);
				INFOPLIST_FILE = KCNLocationManagerTests/Info.plist;
				LD_RUNPATH_SEARCH_PATHS = "$(inherited) @executable_path/Frameworks @loader_path/Frameworks";
				PRODUCT_NAME = "$(TARGET_NAME)";
				TEST_HOST = "$(BUILT_PRODUCTS_DIR)/KCNLocationManager.app/KCNLocationManager";
			};
			name = Debug;
		};
		0A3695271B82802C004D46FD /* Release */ = {
			isa = XCBuildConfiguration;
			buildSettings = {
				BUNDLE_LOADER = "$(TEST_HOST)";
				FRAMEWORK_SEARCH_PATHS = (
					"$(SDKROOT)/Developer/Library/Frameworks",
					"$(inherited)",
				);
				INFOPLIST_FILE = KCNLocationManagerTests/Info.plist;
				LD_RUNPATH_SEARCH_PATHS = "$(inherited) @executable_path/Frameworks @loader_path/Frameworks";
				PRODUCT_NAME = "$(TARGET_NAME)";
				TEST_HOST = "$(BUILT_PRODUCTS_DIR)/KCNLocationManager.app/KCNLocationManager";
			};
			name = Release;
		};
/* End XCBuildConfiguration section */

/* Begin XCConfigurationList section */
		0A3694FA1B82802C004D46FD /* Build configuration list for PBXProject "KCNLocationManager" */ = {
			isa = XCConfigurationList;
			buildConfigurations = (
				0A3695201B82802C004D46FD /* Debug */,
				0A3695211B82802C004D46FD /* Release */,
			);
			defaultConfigurationIsVisible = 0;
			defaultConfigurationName = Release;
		};
		0A3695221B82802C004D46FD /* Build configuration list for PBXNativeTarget "KCNLocationManager" */ = {
			isa = XCConfigurationList;
			buildConfigurations = (
				0A3695231B82802C004D46FD /* Debug */,
				0A3695241B82802C004D46FD /* Release */,
			);
			defaultConfigurationIsVisible = 0;
			defaultConfigurationName = Release;
		};
		0A3695251B82802C004D46FD /* Build configuration list for PBXNativeTarget "KCNLocationManagerTests" */ = {
			isa = XCConfigurationList;
			buildConfigurations = (
				0A3695261B82802C004D46FD /* Debug */,
				0A3695271B82802C004D46FD /* Release */,
			);
			defaultConfigurationIsVisible = 0;
			defaultConfigurationName = Release;
		};
/* End XCConfigurationList section */
	};
	rootObject = 0A3694F71B82802C004D46FD /* Project object */;
}
